
Microsoft Visual Studio Solution File, Format Version 12.00
# Visual Studio Version 17
VisualStudioVersion = 17.9.34723.18
MinimumVisualStudioVersion = 10.0.40219.1
Project("{FAE04EC0-301F-11D3-BF4B-00C04F79EFBC}") = "Database", "Database\Database.csproj", "{981BF5A6-8956-4B75-AAE0-75F83E1A487C}"
EndProject
Global
	GlobalSection(SolutionConfigurationPlatforms) = preSolution
		Debug|Any CPU = Debug|Any CPU
		Release|Any CPU = Release|Any CPU
	EndGlobalSection
	GlobalSection(ProjectConfigurationPlatforms) = postSolution
		{981BF5A6-8956-4B75-AAE0-75F83E1A487C}.Debug|Any CPU.ActiveCfg = Debug|Any CPU
		{981BF5A6-8956-4B75-AAE0-75F83E1A487C}.Debug|Any CPU.Build.0 = Debug|Any CPU
		{981BF5A6-8956-4B75-AAE0-75F83E1A487C}.Release|Any CPU.ActiveCfg = Release|Any CPU
		{981BF5A6-8956-4B75-AAE0-75F83E1A487C}.Release|Any CPU.Build.0 = Release|Any CPU
	EndGlobalSection
	GlobalSection(SolutionProperties) = preSolution
		HideSolutionNode = FALSE
	EndGlobalSection
	GlobalSection(ExtensibilityGlobals) = postSolution
		SolutionGuid = {0C6C2461-724B-49CC-AF8B-17FA07052EA9}
	EndGlobalSection
EndGlobal
